
Microsoft Visual Studio Solution File, Format Version 12.00
# Visual Studio Version 17
VisualStudioVersion = 17.11.35303.130
MinimumVisualStudioVersion = 10.0.40219.1
Project("{FAE04EC0-301F-11D3-BF4B-00C04F79EFBC}") = "PrimeiroProjeto", "PrimeiroProjeto\PrimeiroProjeto.csproj", "{78EB8D18-4F96-4924-9F7D-FF67F02C58E3}"
EndProject
Global
	GlobalSection(SolutionConfigurationPlatforms) = preSolution
		Debug|Any CPU = Debug|Any CPU
		Release|Any CPU = Release|Any CPU
	EndGlobalSection
	GlobalSection(ProjectConfigurationPlatforms) = postSolution
		{78EB8D18-4F96-4924-9F7D-FF67F02C58E3}.Debug|Any CPU.ActiveCfg = Debug|Any CPU
		{78EB8D18-4F96-4924-9F7D-FF67F02C58E3}.Debug|Any CPU.Build.0 = Debug|Any CPU
		{78EB8D18-4F96-4924-9F7D-FF67F02C58E3}.Release|Any CPU.ActiveCfg = Release|Any CPU
		{78EB8D18-4F96-4924-9F7D-FF67F02C58E3}.Release|Any CPU.Build.0 = Release|Any CPU
	EndGlobalSection
	GlobalSection(SolutionProperties) = preSolution
		HideSolutionNode = FALSE
	EndGlobalSection
	GlobalSection(ExtensibilityGlobals) = postSolution
		SolutionGuid = {DC1218D4-B29A-4CFA-A1DB-690048A40BAC}
	EndGlobalSection
EndGlobal
