
Microsoft Visual Studio Solution File, Format Version 12.00
# Visual Studio Version 17
VisualStudioVersion = 17.11.35303.130
MinimumVisualStudioVersion = 10.0.40219.1
Project("{9A19103F-16F7-4668-BE54-9A1E7A4F7556}") = "DemoMVC", "DemoMVC\DemoMVC.csproj", "{D68EACB1-2620-4B45-9F06-94DBBD647764}"
EndProject
Project("{FAE04EC0-301F-11D3-BF4B-00C04F79EFBC}") = "DemoRazorPages", "DemoRazorPages\DemoRazorPages.csproj", "{C513CEB4-4258-4C51-9C56-2904DEB0F476}"
EndProject
Global
	GlobalSection(SolutionConfigurationPlatforms) = preSolution
		Debug|Any CPU = Debug|Any CPU
		Release|Any CPU = Release|Any CPU
	EndGlobalSection
	GlobalSection(ProjectConfigurationPlatforms) = postSolution
		{D68EACB1-2620-4B45-9F06-94DBBD647764}.Debug|Any CPU.ActiveCfg = Debug|Any CPU
		{D68EACB1-2620-4B45-9F06-94DBBD647764}.Debug|Any CPU.Build.0 = Debug|Any CPU
		{D68EACB1-2620-4B45-9F06-94DBBD647764}.Release|Any CPU.ActiveCfg = Release|Any CPU
		{D68EACB1-2620-4B45-9F06-94DBBD647764}.Release|Any CPU.Build.0 = Release|Any CPU
		{C513CEB4-4258-4C51-9C56-2904DEB0F476}.Debug|Any CPU.ActiveCfg = Debug|Any CPU
		{C513CEB4-4258-4C51-9C56-2904DEB0F476}.Debug|Any CPU.Build.0 = Debug|Any CPU
		{C513CEB4-4258-4C51-9C56-2904DEB0F476}.Release|Any CPU.ActiveCfg = Release|Any CPU
		{C513CEB4-4258-4C51-9C56-2904DEB0F476}.Release|Any CPU.Build.0 = Release|Any CPU
	EndGlobalSection
	GlobalSection(SolutionProperties) = preSolution
		HideSolutionNode = FALSE
	EndGlobalSection
	GlobalSection(ExtensibilityGlobals) = postSolution
		SolutionGuid = {A0289EEB-B99C-4693-AE53-681D35D646C4}
	EndGlobalSection
EndGlobal
