
Microsoft Visual Studio Solution File, Format Version 12.00
# Visual Studio Version 17
VisualStudioVersion = 17.11.35303.130
MinimumVisualStudioVersion = 10.0.40219.1
Project("{FAE04EC0-301F-11D3-BF4B-00C04F79EFBC}") = "DemoWebAPI", "DemoWebAPI.csproj", "{DAE6AA15-A4CB-4C05-93E2-BB8E133BA567}"
EndProject
Global
	GlobalSection(SolutionConfigurationPlatforms) = preSolution
		Debug|Any CPU = Debug|Any CPU
		Release|Any CPU = Release|Any CPU
	EndGlobalSection
	GlobalSection(ProjectConfigurationPlatforms) = postSolution
		{DAE6AA15-A4CB-4C05-93E2-BB8E133BA567}.Debug|Any CPU.ActiveCfg = Debug|Any CPU
		{DAE6AA15-A4CB-4C05-93E2-BB8E133BA567}.Debug|Any CPU.Build.0 = Debug|Any CPU
		{DAE6AA15-A4CB-4C05-93E2-BB8E133BA567}.Release|Any CPU.ActiveCfg = Release|Any CPU
		{DAE6AA15-A4CB-4C05-93E2-BB8E133BA567}.Release|Any CPU.Build.0 = Release|Any CPU
	EndGlobalSection
	GlobalSection(SolutionProperties) = preSolution
		HideSolutionNode = FALSE
	EndGlobalSection
	GlobalSection(ExtensibilityGlobals) = postSolution
		SolutionGuid = {E9AA5F59-4A6B-4A36-81C6-122873F7E0F4}
	EndGlobalSection
EndGlobal
